version = 1
revision = 3
requires-python = "==3.12.*"

[[package]]
name = "cuda-bindings"
version = "13.3.1"
source = { registry = "https://pypi.org/simple" }
dependencies = [
    { name = "cuda-pathfinder" },
]
wheels = [
    { url = "https://files.pythonhosted.org/packages/ce/67/5e7dba1ba576dd73da5dee894ca076ca5e959450dfff66d6d510a255d1f7/cuda_bindings-13.3.1-cp312-cp312-manylinux_2_24_aarch64.manylinux_2_28_aarch64.whl", hash = "sha256:c7855c4868aabc0cfae28abbe83d56734bdfbd08f08fc234ac1912a12858bf49", size = 6025351, upload-time = "2026-05-29T23:11:49.685Z" },
    { url = "https://files.pythonhosted.org/packages/39/2a/6d2e9047d1fb243dbaa364b01e0297534b9ed7fd27dba1c9f361519cf69b/cuda_bindings-13.3.1-cp312-cp312-manylinux_2_24_x86_64.manylinux_2_28_x86_64.whl", hash = "sha256:e32d08f71ebcdf00f0f41eab2eb37e8da94c8ed411cc9f7f7a019ce6b34abe3a", size = 6657965, upload-time = "2026-05-29T23:11:52.227Z" },
]

[[package]]
name = "cuda-pathfinder"
version = "1.5.6"
source = { registry = "https://pypi.org/simple" }
wheels = [
    { url = "https://files.pythonhosted.org/packages/d2/53/8fc9b0cdc5b7f62746e6a01b85b6461e5ae27f871010a5fcf8fa6950766d/cuda_pathfinder-1.5.6-py3-none-any.whl", hash = "sha256:7e4c07c117b78ba1fb35dac4c444d21f3677b1b1ff56175c53a8e3025c5b43c0", size = 52972, upload-time = "2026-06-30T00:58:04.34Z" },
]

[[package]]
name = "cuda-toolkit"
version = "13.0.3.0"
source = { registry = "https://pypi.org/simple" }
wheels = [
    { url = "https://files.pythonhosted.org/packages/d1/c7/a79086a62c98befcdb8349656c6f114e2db3b8b2422f6e25c97a7f2a9a3c/cuda_toolkit-13.0.3.0-py2.py3-none-any.whl", hash = "sha256:d693caaa261214ddd7dbb60d68e71cbed884e68c2be7509778f3051da0b91c3f", size = 2512, upload-time = "2026-04-14T00:50:08.173Z" },
]

[package.optional-dependencies]
cublas = [
    { name = "nvidia-cublas", marker = "(platform_machine == 'aarch64' and sys_platform == 'linux') or (platform_machine == 'x86_64' and sys_platform == 'linux') or (platform_machine == 'AMD64' and sys_platform == 'win32')" },
    { name = "nvidia-cuda-nvrtc", marker = "(platform_machine == 'aarch64' and sys_platform == 'linux') or (platform_machine == 'x86_64' and sys_platform == 'linux') or (platform_machine == 'AMD64' and sys_platform == 'win32')" },
]
cudart = [
    { name = "nvidia-cuda-runtime", marker = "(platform_machine == 'aarch64' and sys_platform == 'linux') or (platform_machine == 'x86_64' and sys_platform == 'linux') or (platform_machine == 'AMD64' and sys_platform == 'win32')" },
]
cufft = [
    { name = "nvidia-cufft", marker = "(platform_machine == 'aarch64' and sys_platform == 'linux') or (platform_machine == 'x86_64' and sys_platform == 'linux') or (platform_machine == 'AMD64' and sys_platform == 'win32')" },
    { name = "nvidia-nvjitlink", marker = "(platform_machine == 'aarch64' and sys_platform == 'linux') or (platform_machine == 'x86_64' and sys_platform == 'linux') or (platform_machine == 'AMD64' and sys_platform == 'win32')" },
]
cufile = [
    { name = "nvidia-cufile", marker = "(platform_machine == 'aarch64' and sys_platform == 'linux') or (platform_machine == 'x86_64' and sys_platform == 'linux')" },
]
cupti = [
    { name = "nvidia-cuda-cupti", marker = "(platform_machine == 'aarch64' and sys_platform == 'linux') or (platform_machine == 'x86_64' and sys_platform == 'linux') or (platform_machine == 'AMD64' and sys_platform == 'win32')" },
]
curand = [
    { name = "nvidia-curand", marker = "(platform_machine == 'aarch64' and sys_platform == 'linux') or (platform_machine == 'x86_64' and sys_platform == 'linux') or (platform_machine == 'AMD64' and sys_platform == 'win32')" },
]
cusolver = [
    { name = "nvidia-cublas", marker = "(platform_machine == 'aarch64' and sys_platform == 'linux') or (platform_machine == 'x86_64' and sys_platform == 'linux') or (platform_machine == 'AMD64' and sys_platform == 'win32')" },
    { name = "nvidia-cusolver", marker = "(platform_machine == 'aarch64' and sys_platform == 'linux') or (platform_machine == 'x86_64' and sys_platform == 'linux') or (platform_machine == 'AMD64' and sys_platform == 'win32')" },
    { name = "nvidia-cusparse", marker = "(platform_machine == 'aarch64' and sys_platform == 'linux') or (platform_machine == 'x86_64' and sys_platform == 'linux') or (platform_machine == 'AMD64' and sys_platform == 'win32')" },
    { name = "nvidia-nvjitlink", marker = "(platform_machine == 'aarch64' and sys_platform == 'linux') or (platform_machine == 'x86_64' and sys_platform == 'linux') or (platform_machine == 'AMD64' and sys_platform == 'win32')" },
]
cusparse = [
    { name = "nvidia-cusparse", marker = "(platform_machine == 'aarch64' and sys_platform == 'linux') or (platform_machine == 'x86_64' and sys_platform == 'linux') or (platform_machine == 'AMD64' and sys_platform == 'win32')" },
    { name = "nvidia-nvjitlink", marker = "(platform_machine == 'aarch64' and sys_platform == 'linux') or (platform_machine == 'x86_64' and sys_platform == 'linux') or (platform_machine == 'AMD64' and sys_platform == 'win32')" },
]
nvjitlink = [
    { name = "nvidia-nvjitlink", marker = "(platform_machine == 'aarch64' and sys_platform == 'linux') or (platform_machine == 'x86_64' and sys_platform == 'linux') or (platform_machine == 'AMD64' and sys_platform == 'win32')" },
]
nvrtc = [
    { name = "nvidia-cuda-nvrtc", marker = "(platform_machine == 'aarch64' and sys_platform == 'linux') or (platform_machine == 'x86_64' and sys_platform == 'linux') or (platform_machine == 'AMD64' and sys_platform == 'win32')" },
]
nvtx = [
    { name = "nvidia-nvtx", marker = "(platform_machine == 'aarch64' and sys_platform == 'linux') or (platform_machine == 'x86_64' and sys_platform == 'linux') or (platform_machine == 'AMD64' and sys_platform == 'win32')" },
]

[[package]]
name = "filelock"
version = "3.29.7"
source = { registry = "https://pypi.org/simple" }
sdist = { url = "https://files.pythonhosted.org/packages/35/94/00f2059e4835eace3ae8fde680b932c496f8ec7bdc99168dfa53fb2e6b79/filelock-3.29.7.tar.gz", hash = "sha256:5b481979797ae69e72f0b389d89a80bdd585c260c5b3f1fb9c0a5ba9bb3f195d", size = 71521, upload-time = "2026-07-08T05:46:58.716Z" }
wheels = [
    { url = "https://files.pythonhosted.org/packages/60/02/be4a57b60c7149b55b9e3b3c13f609cd8eb5307c751f22bd8fb8d262e75b/filelock-3.29.7-py3-none-any.whl", hash = "sha256:987db6f789a3a2a59f55081801b2b3697cb97e2a736b5f1a9e99b559285fbc51", size = 46036, upload-time = "2026-07-08T05:46:57.53Z" },
]

[[package]]
name = "fsspec"
version = "2026.6.0"
source = { registry = "https://pypi.org/simple" }
sdist = { url = "https://files.pythonhosted.org/packages/10/a1/ae4e3e5003468d6391d2c77b6fa1cd73bd5d13511d81c642d7b28ac90ed4/fsspec-2026.6.0.tar.gz", hash = "sha256:f5bac145310fe30e16e1471bd6840b2d990d609e872251d7e674241822abf01a", size = 313646, upload-time = "2026-06-16T01:57:28.105Z" }
wheels = [
    { url = "https://files.pythonhosted.org/packages/e5/22/4222d7ddf3da30f363edaa98e329c2bce6c65497c9cb2810931c8b2c0fbc/fsspec-2026.6.0-py3-none-any.whl", hash = "sha256:02e0b71817df9b2169dc30a16832045764def1191b43dcff5bb85bdee212d2a1", size = 203949, upload-time = "2026-06-16T01:57:26.358Z" },
]

[[package]]
name = "jinja2"
version = "3.1.6"
source = { registry = "https://pypi.org/simple" }
dependencies = [
    { name = "markupsafe" },
]
sdist = { url = "https://files.pythonhosted.org/packages/df/bf/f7da0350254c0ed7c72f3e33cef02e048281fec7ecec5f032d4aac52226b/jinja2-3.1.6.tar.gz", hash = "sha256:0137fb05990d35f1275a587e9aee6d56da821fc83491a0fb838183be43f66d6d", size = 245115, upload-time = "2025-03-05T20:05:02.478Z" }
wheels = [
    { url = "https://files.pythonhosted.org/packages/62/a1/3d680cbfd5f4b8f15abc1d571870c5fc3e594bb582bc3b64ea099db13e56/jinja2-3.1.6-py3-none-any.whl", hash = "sha256:85ece4451f492d0c13c5dd7c13a64681a86afae63a5f347908daf103ce6d2f67", size = 134899, upload-time = "2025-03-05T20:05:00.369Z" },
]

[[package]]
name = "markupsafe"
version = "3.0.3"
source = { registry = "https://pypi.org/simple" }
sdist = { url = "https://files.pythonhosted.org/packages/7e/99/7690b6d4034fffd95959cbe0c02de8deb3098cc577c67bb6a24fe5d7caa7/markupsafe-3.0.3.tar.gz", hash = "sha256:722695808f4b6457b320fdc131280796bdceb04ab50fe1795cd540799ebe1698", size = 80313, upload-time = "2025-09-27T18:37:40.426Z" }
wheels = [
    { url = "https://files.pythonhosted.org/packages/5a/72/147da192e38635ada20e0a2e1a51cf8823d2119ce8883f7053879c2199b5/markupsafe-3.0.3-cp312-cp312-macosx_10_13_x86_64.whl", hash = "sha256:d53197da72cc091b024dd97249dfc7794d6a56530370992a5e1a08983ad9230e", size = 11615, upload-time = "2025-09-27T18:36:30.854Z" },
    { url = "https://files.pythonhosted.org/packages/9a/81/7e4e08678a1f98521201c3079f77db69fb552acd56067661f8c2f534a718/markupsafe-3.0.3-cp312-cp312-macosx_11_0_arm64.whl", hash = "sha256:1872df69a4de6aead3491198eaf13810b565bdbeec3ae2dc8780f14458ec73ce", size = 12020, upload-time = "2025-09-27T18:36:31.971Z" },
    { url = "https://files.pythonhosted.org/packages/1e/2c/799f4742efc39633a1b54a92eec4082e4f815314869865d876824c257c1e/markupsafe-3.0.3-cp312-cp312-manylinux2014_aarch64.manylinux_2_17_aarch64.manylinux_2_28_aarch64.whl", hash = "sha256:3a7e8ae81ae39e62a41ec302f972ba6ae23a5c5396c8e60113e9066ef893da0d", size = 24332, upload-time = "2025-09-27T18:36:32.813Z" },
    { url = "https://files.pythonhosted.org/packages/3c/2e/8d0c2ab90a8c1d9a24f0399058ab8519a3279d1bd4289511d74e909f060e/markupsafe-3.0.3-cp312-cp312-manylinux2014_x86_64.manylinux_2_17_x86_64.manylinux_2_28_x86_64.whl", hash = "sha256:d6dd0be5b5b189d31db7cda48b91d7e0a9795f31430b7f271219ab30f1d3ac9d", size = 22947, upload-time = "2025-09-27T18:36:33.86Z" },
    { url = "https://files.pythonhosted.org/packages/2c/54/887f3092a85238093a0b2154bd629c89444f395618842e8b0c41783898ea/markupsafe-3.0.3-cp312-cp312-manylinux_2_31_riscv64.manylinux_2_39_riscv64.whl", hash = "sha256:94c6f0bb423f739146aec64595853541634bde58b2135f27f61c1ffd1cd4d16a", size = 21962, upload-time = "2025-09-27T18:36:35.099Z" },
    { url = "https://files.pythonhosted.org/packages/c9/2f/336b8c7b6f4a4d95e91119dc8521402461b74a485558d8f238a68312f11c/markupsafe-3.0.3-cp312-cp312-musllinux_1_2_aarch64.whl", hash = "sha256:be8813b57049a7dc738189df53d69395eba14fb99345e0a5994914a3864c8a4b", size = 23760, upload-time = "2025-09-27T18:36:36.001Z" },
    { url = "https://files.pythonhosted.org/packages/32/43/67935f2b7e4982ffb50a4d169b724d74b62a3964bc1a9a527f5ac4f1ee2b/markupsafe-3.0.3-cp312-cp312-musllinux_1_2_riscv64.whl", hash = "sha256:83891d0e9fb81a825d9a6d61e3f07550ca70a076484292a70fde82c4b807286f", size = 21529, upload-time = "2025-09-27T18:36:36.906Z" },
    { url = "https://files.pythonhosted.org/packages/89/e0/4486f11e51bbba8b0c041098859e869e304d1c261e59244baa3d295d47b7/markupsafe-3.0.3-cp312-cp312-musllinux_1_2_x86_64.whl", hash = "sha256:77f0643abe7495da77fb436f50f8dab76dbc6e5fd25d39589a0f1fe6548bfa2b", size = 23015, upload-time = "2025-09-27T18:36:37.868Z" },
    { url = "https://files.pythonhosted.org/packages/2f/e1/78ee7a023dac597a5825441ebd17170785a9dab23de95d2c7508ade94e0e/markupsafe-3.0.3-cp312-cp312-win32.whl", hash = "sha256:d88b440e37a16e651bda4c7c2b930eb586fd15ca7406cb39e211fcff3bf3017d", size = 14540, upload-time = "2025-09-27T18:36:38.761Z" },
    { url = "https://files.pythonhosted.org/packages/aa/5b/bec5aa9bbbb2c946ca2733ef9c4ca91c91b6a24580193e891b5f7dbe8e1e/markupsafe-3.0.3-cp312-cp312-win_amd64.whl", hash = "sha256:26a5784ded40c9e318cfc2bdb30fe164bdb8665ded9cd64d500a34fb42067b1c", size = 15105, upload-time = "2025-09-27T18:36:39.701Z" },
    { url = "https://files.pythonhosted.org/packages/e5/f1/216fc1bbfd74011693a4fd837e7026152e89c4bcf3e77b6692fba9923123/markupsafe-3.0.3-cp312-cp312-win_arm64.whl", hash = "sha256:35add3b638a5d900e807944a078b51922212fb3dedb01633a8defc4b01a3c85f", size = 13906, upload-time = "2025-09-27T18:36:40.689Z" },
]

[[package]]
name = "mpmath"
version = "1.3.0"
source = { registry = "https://pypi.org/simple" }
sdist = { url = "https://files.pythonhosted.org/packages/e0/47/dd32fa426cc72114383ac549964eecb20ecfd886d1e5ccf5340b55b02f57/mpmath-1.3.0.tar.gz", hash = "sha256:7a28eb2a9774d00c7bc92411c19a89209d5da7c4c9a9e227be8330a23a25b91f", size = 508106, upload-time = "2023-03-07T16:47:11.061Z" }
wheels = [
    { url = "https://files.pythonhosted.org/packages/43/e3/7d92a15f894aa0c9c4b49b8ee9ac9850d6e63b03c9c32c0367a13ae62209/mpmath-1.3.0-py3-none-any.whl", hash = "sha256:a0b2b9fe80bbcd81a6647ff13108738cfb482d481d826cc0e02f5b35e5c88d2c", size = 536198, upload-time = "2023-03-07T16:47:09.197Z" },
]

[[package]]
name = "networkx"
version = "3.6.1"
source = { registry = "https://pypi.org/simple" }
sdist = { url = "https://files.pythonhosted.org/packages/6a/51/63fe664f3908c97be9d2e4f1158eb633317598cfa6e1fc14af5383f17512/networkx-3.6.1.tar.gz", hash = "sha256:26b7c357accc0c8cde558ad486283728b65b6a95d85ee1cd66bafab4c8168509", size = 2517025, upload-time = "2025-12-08T17:02:39.908Z" }
wheels = [
    { url = "https://files.pythonhosted.org/packages/9e/c9/b2622292ea83fbb4ec318f5b9ab867d0a28ab43c5717bb85b0a5f6b3b0a4/networkx-3.6.1-py3-none-any.whl", hash = "sha256:d47fbf302e7d9cbbb9e2555a0d267983d2aa476bac30e90dfbe5669bd57f3762", size = 2068504, upload-time = "2025-12-08T17:02:38.159Z" },
]

[[package]]
name = "numpy"
version = "2.5.1"
source = { registry = "https://pypi.org/simple" }
sdist = { url = "https://files.pythonhosted.org/packages/22/fd/89965aa4ac08c74998539fcbf24fa3540f3e15237fbeb6bcf9c908f4aade/numpy-2.5.1.tar.gz", hash = "sha256:a48a113e6afea91f5608793bafa7ef2ad481fefbda87ec5069f483de61cb9fa3", size = 20755553, upload-time = "2026-07-04T17:08:00.933Z" }
wheels = [
    { url = "https://files.pythonhosted.org/packages/62/7b/14687aa674250e5e546f616f486b0d56d3631cd5b2415739141ce40bdcea/numpy-2.5.1-cp312-cp312-macosx_10_13_x86_64.whl", hash = "sha256:2c889b56fe48b1018f764b0eec8df59ab654e9148aa91faa12596043500de277", size = 16801574, upload-time = "2026-07-04T17:06:12.423Z" },
    { url = "https://files.pythonhosted.org/packages/e1/19/cc5bb2a3f2913d27d6dbb2c78d25921fabaedc6741d4a5a615a11f3c5bf3/numpy-2.5.1-cp312-cp312-macosx_11_0_arm64.whl", hash = "sha256:ab451b59c5643c570974c43aef780703ef1d3b4965d2be07afd530615a9358d1", size = 11772250, upload-time = "2026-07-04T17:06:15.726Z" },
    { url = "https://files.pythonhosted.org/packages/42/77/fdf34a71dd30f54979b18603bee915e0aaf825b07afe79acd60b04b691e2/numpy-2.5.1-cp312-cp312-macosx_14_0_arm64.whl", hash = "sha256:78798bd5b9ad744056af8efa90e3b9ddaa53272a0848a483084a1cc0a13b2dc0", size = 5331516, upload-time = "2026-07-04T17:06:17.913Z" },
    { url = "https://files.pythonhosted.org/packages/ce/e2/eb7efa015b4cce41e2517bf182a7fce0d7d5b9d9ed76a29bfa0f4fe4505c/numpy-2.5.1-cp312-cp312-macosx_14_0_x86_64.whl", hash = "sha256:2ae0ca40bcb22d6ba59c1dfd5446f49940b0f2d821fde133f10dda11f816b84e", size = 6664863, upload-time = "2026-07-04T17:06:20.02Z" },
    { url = "https://files.pythonhosted.org/packages/a9/4b/a2b32dd94ee9ffbeecb28152240042a3949db33b1c834d44090b80e1b3b8/numpy-2.5.1-cp312-cp312-manylinux_2_27_aarch64.manylinux_2_28_aarch64.whl", hash = "sha256:61ac47e772e6b8ea489e1d2f441a34c5c3ac17327e7ce294cbdf535795ad4e75", size = 15167977, upload-time = "2026-07-04T17:06:21.621Z" },
    { url = "https://files.pythonhosted.org/packages/b8/a9/6e73d68500f80773f65f0654ea932019d6694329a0eb0ed0533de38df376/numpy-2.5.1-cp312-cp312-manylinux_2_27_x86_64.manylinux_2_28_x86_64.whl", hash = "sha256:59fda5e192b570217ec2580c96f00e9a7e12ef6866a900eb089b62c1a32545ca", size = 16672469, upload-time = "2026-07-04T17:06:24.064Z" },
    { url = "https://files.pythonhosted.org/packages/24/7d/ad3e59015135f5261c95fd4cafeff159c955febd83a99a1d9250c4233815/numpy-2.5.1-cp312-cp312-musllinux_1_2_aarch64.whl", hash = "sha256:f7119ebff1a9829e9f431a4f9d28e703023bb6b9fe7c8f724467dbfc27c94ab3", size = 16527531, upload-time = "2026-07-04T17:06:26.69Z" },
    { url = "https://files.pythonhosted.org/packages/83/d0/a39b2fbcde9cb17a1dac678f254b33a6336298af9df338824c685425d5e8/numpy-2.5.1-cp312-cp312-musllinux_1_2_x86_64.whl", hash = "sha256:e824c2acf8862052246be5a44c15da1777940c60d010dd2aab897824d9c430f9", size = 18431940, upload-time = "2026-07-04T17:06:29.521Z" },
    { url = "https://files.pythonhosted.org/packages/04/12/cff070947791c1ed425ff76413189adbdc2fbe215eba7ce7fa454a03c7f8/numpy-2.5.1-cp312-cp312-win32.whl", hash = "sha256:08d60c810432eb83360958dea0999ac4cfb94531ea8efcbf0b7f277c2068aeb2", size = 6066764, upload-time = "2026-07-04T17:06:32.571Z" },
    { url = "https://files.pythonhosted.org/packages/65/66/53f31807a48a750f9d748da273bc3fcedd12b27ff1f3e373bfec55ef2dc0/numpy-2.5.1-cp312-cp312-win_amd64.whl", hash = "sha256:f7d60026c0bdb1380e83bfa7a0419c4577ee4b9a08880afcb6dadeb74c649fa2", size = 12430966, upload-time = "2026-07-04T17:06:34.926Z" },
    { url = "https://files.pythonhosted.org/packages/2b/2a/d1a88066b1c14186f5d3c0d18c94f17b064511982bab0578d49ee9d43c29/numpy-2.5.1-cp312-cp312-win_arm64.whl", hash = "sha256:17a25e09640602e10bc8de0e6fa2b3fd68eedd84ba6d7842dc8f32f9ab87bd0b", size = 10350488, upload-time = "2026-07-04T17:06:37.785Z" },
]

[[package]]
name = "nvidia-cublas"
version = "13.1.1.3"
source = { registry = "https://pypi.org/simple" }
dependencies = [
    { name = "nvidia-cuda-nvrtc" },
]
wheels = [
    { url = "https://files.pythonhosted.org/packages/a7/a1/0bd24ee8c8d03adac032fd2909426a00c88f8c57961b1277ded97f91119f/nvidia_cublas-13.1.1.3-py3-none-manylinux_2_27_aarch64.whl", hash = "sha256:b7a210458267ac818974c53038fbec2e969d5c99f305ab15c72522fa9f001dd5", size = 542848918, upload-time = "2026-04-08T18:46:22.985Z" },
    { url = "https://files.pythonhosted.org/packages/3b/cd/154ca20c38269e05eff77c1464e6c1da89f50a6390b565e9d82e06bc11e1/nvidia_cublas-13.1.1.3-py3-none-manylinux_2_27_x86_64.whl", hash = "sha256:37936a16db8fe4ac1f065c2139360608a543a09275cb1a1af612e08cfa065436", size = 423138758, upload-time = "2026-04-08T18:46:58.655Z" },
]

[[package]]
name = "nvidia-cuda-cupti"
version = "13.0.85"
source = { registry = "https://pypi.org/simple" }
wheels = [
    { url = "https://files.pythonhosted.org/packages/2a/2a/80353b103fc20ce05ef51e928daed4b6015db4aaa9162ed0997090fe2250/nvidia_cuda_cupti-13.0.85-py3-none-manylinux_2_25_aarch64.whl", hash = "sha256:796bd679890ee55fb14a94629b698b6db54bcfd833d391d5e94017dd9d7d3151", size = 10310827, upload-time = "2025-09-04T08:26:42.012Z" },
    { url = "https://files.pythonhosted.org/packages/33/6d/737d164b4837a9bbd202f5ae3078975f0525a55730fe871d8ed4e3b952b0/nvidia_cuda_cupti-13.0.85-py3-none-manylinux_2_25_x86_64.whl", hash = "sha256:4eb01c08e859bf924d222250d2e8f8b8ff6d3db4721288cf35d14252a4d933c8", size = 10715597, upload-time = "2025-09-04T08:26:51.312Z" },
]

[[package]]
name = "nvidia-cuda-nvrtc"
version = "13.0.88"
source = { registry = "https://pypi.org/simple" }
wheels = [
    { url = "https://files.pythonhosted.org/packages/c3/68/483a78f5e8f31b08fb1bb671559968c0ca3a065ac7acabfc7cee55214fd6/nvidia_cuda_nvrtc-13.0.88-py3-none-manylinux2010_x86_64.manylinux_2_12_x86_64.whl", hash = "sha256:ad9b6d2ead2435f11cbb6868809d2adeeee302e9bb94bcf0539c7a40d80e8575", size = 90215200, upload-time = "2025-09-04T08:28:44.204Z" },
    { url = "https://files.pythonhosted.org/packages/b7/dc/6bb80850e0b7edd6588d560758f17e0550893a1feaf436807d64d2da040f/nvidia_cuda_nvrtc-13.0.88-py3-none-manylinux2014_aarch64.manylinux_2_17_aarch64.whl", hash = "sha256:d27f20a0ca67a4bb34268a5e951033496c5b74870b868bacd046b1b8e0c3267b", size = 43015449, upload-time = "2025-09-04T08:28:20.239Z" },
]

[[package]]
name = "nvidia-cuda-runtime"
version = "13.0.96"
source = { registry = "https://pypi.org/simple" }
wheels = [
    { url = "https://files.pythonhosted.org/packages/87/4f/17d7b9b8e285199c58ce28e31b5c5bbaa4d8271af06a89b6405258245de2/nvidia_cuda_runtime-13.0.96-py3-none-manylinux2014_aarch64.manylinux_2_17_aarch64.whl", hash = "sha256:ef9bcbe90493a2b9d810e43d249adb3d02e98dd30200d86607d8d02687c43f55", size = 2261060, upload-time = "2025-10-09T08:55:15.78Z" },
    { url = "https://files.pythonhosted.org/packages/2e/24/d1558f3b68b1d26e706813b1d10aa1d785e4698c425af8db8edc3dced472/nvidia_cuda_runtime-13.0.96-py3-none-manylinux2014_x86_64.manylinux_2_17_x86_64.whl", hash = "sha256:7f82250d7782aa23b6cfe765ecc7db554bd3c2870c43f3d1821f1d18aebf0548", size = 2243632, upload-time = "2025-10-09T08:55:36.117Z" },
]

[[package]]
name = "nvidia-cudnn-cu13"
version = "9.20.0.48"
source = { registry = "https://pypi.org/simple" }
dependencies = [
    { name = "nvidia-cublas" },
]
wheels = [
    { url = "https://files.pythonhosted.org/packages/56/c5/83384d846b2fd17c44bd499b36c75a45ed4f095fbbb2252294e89cea5c5c/nvidia_cudnn_cu13-9.20.0.48-py3-none-manylinux_2_27_aarch64.whl", hash = "sha256:e31454ae00094b0c55319d9d15b6fa2fc50a9e1c0f5c8c80fb75258234e731e1", size = 444574296, upload-time = "2026-03-09T19:28:27.751Z" },
    { url = "https://files.pythonhosted.org/packages/6e/5e/edb9c0ae051602c3ccaffe424256463636d639e27d7f302dde9975ef9e7a/nvidia_cudnn_cu13-9.20.0.48-py3-none-manylinux_2_27_x86_64.whl", hash = "sha256:0c45dd8eeb50b603f07995b1b300c62ffe6a1980482b82b3bcf94a4ca9d49304", size = 366173588, upload-time = "2026-03-09T19:29:34.474Z" },
]

[[package]]
name = "nvidia-cufft"
version = "12.0.0.61"
source = { registry = "https://pypi.org/simple" }
dependencies = [
    { name = "nvidia-nvjitlink" },
]
wheels = [
    { url = "https://files.pythonhosted.org/packages/8b/ae/f417a75c0259e85c1d2f83ca4e960289a5f814ed0cea74d18c353d3e989d/nvidia_cufft-12.0.0.61-py3-none-manylinux2014_aarch64.manylinux_2_17_aarch64.whl", hash = "sha256:2708c852ef8cd89d1d2068bdbece0aa188813a0c934db3779b9b1faa8442e5f5", size = 214053554, upload-time = "2025-09-04T08:31:38.196Z" },
    { url = "https://files.pythonhosted.org/packages/a8/2f/7b57e29836ea8714f81e9898409196f47d772d5ddedddf1592eadb8ab743/nvidia_cufft-12.0.0.61-py3-none-manylinux2014_x86_64.manylinux_2_17_x86_64.whl", hash = "sha256:6c44f692dce8fd5ffd3e3df134b6cdb9c2f72d99cf40b62c32dde45eea9ddad3", size = 214085489, upload-time = "2025-09-04T08:31:56.044Z" },
]

[[package]]
name = "nvidia-cufile"
version = "1.15.1.6"
source = { registry = "https://pypi.org/simple" }
wheels = [
    { url = "https://files.pythonhosted.org/packages/3f/70/4f193de89a48b71714e74602ee14d04e4019ad36a5a9f20c425776e72cd6/nvidia_cufile-1.15.1.6-py3-none-manylinux2014_x86_64.manylinux_2_17_x86_64.whl", hash = "sha256:08a3ecefae5a01c7f5117351c64f17c7c62efa5fffdbe24fc7d298da19cd0b44", size = 1223672, upload-time = "2025-09-04T08:32:22.779Z" },
    { url = "https://files.pythonhosted.org/packages/ab/73/cc4a14c9813a8a0d509417cf5f4bdaba76e924d58beb9864f5a7baceefbf/nvidia_cufile-1.15.1.6-py3-none-manylinux_2_27_aarch64.whl", hash = "sha256:bdc0deedc61f548bddf7733bdc216456c2fdb101d020e1ab4b88d232d5e2f6d1", size = 1136992, upload-time = "2025-09-04T08:32:14.119Z" },
]

[[package]]
name = "nvidia-curand"
version = "10.4.0.35"
source = { registry = "https://pypi.org/simple" }
wheels = [
    { url = "https://files.pythonhosted.org/packages/1e/72/7c2ae24fb6b63a32e6ae5d241cc65263ea18d08802aaae087d9f013335a2/nvidia_curand-10.4.0.35-py3-none-manylinux_2_27_aarch64.whl", hash = "sha256:133df5a7509c3e292aaa2b477afd0194f06ce4ea24d714d616ff36439cee349a", size = 61962106, upload-time = "2025-08-04T10:21:41.128Z" },
    { url = "https://files.pythonhosted.org/packages/a5/9f/be0a41ca4a4917abf5cb9ae0daff1a6060cc5de950aec0396de9f3b52bc5/nvidia_curand-10.4.0.35-py3-none-manylinux_2_27_x86_64.whl", hash = "sha256:1aee33a5da6e1db083fe2b90082def8915f30f3248d5896bcec36a579d941bfc", size = 59544258, upload-time = "2025-08-04T10:22:03.992Z" },
]

[[package]]
name = "nvidia-cusolver"
version = "12.0.4.66"
source = { registry = "https://pypi.org/simple" }
dependencies = [
    { name = "nvidia-cublas" },
    { name = "nvidia-cusparse" },
    { name = "nvidia-nvjitlink" },
]
wheels = [
    { url = "https://files.pythonhosted.org/packages/c8/c3/b30c9e935fc01e3da443ec0116ed1b2a009bb867f5324d3f2d7e533e776b/nvidia_cusolver-12.0.4.66-py3-none-manylinux_2_27_aarch64.whl", hash = "sha256:02c2457eaa9e39de20f880f4bd8820e6a1cfb9f9a34f820eb12a155aa5bc92d2", size = 223467760, upload-time = "2025-09-04T08:33:04.222Z" },
    { url = "https://files.pythonhosted.org/packages/5f/67/cba3777620cdacb99102da4042883709c41c709f4b6323c10781a9c3aa34/nvidia_cusolver-12.0.4.66-py3-none-manylinux_2_27_x86_64.whl", hash = "sha256:0a759da5dea5c0ea10fd307de75cdeb59e7ea4fcb8add0924859b944babf1112", size = 200941980, upload-time = "2025-09-04T08:33:22.767Z" },
]

[[package]]
name = "nvidia-cusparse"
version = "12.6.3.3"
source = { registry = "https://pypi.org/simple" }
dependencies = [
    { name = "nvidia-nvjitlink" },
]
wheels = [
    { url = "https://files.pythonhosted.org/packages/f8/94/5c26f33738ae35276672f12615a64bd008ed5be6d1ebcb23579285d960a9/nvidia_cusparse-12.6.3.3-py3-none-manylinux2014_aarch64.manylinux_2_17_aarch64.whl", hash = "sha256:80bcc4662f23f1054ee334a15c72b8940402975e0eab63178fc7e670aa59472c", size = 162155568, upload-time = "2025-09-04T08:33:42.864Z" },
    { url = "https://files.pythonhosted.org/packages/fa/18/623c77619c31d62efd55302939756966f3ecc8d724a14dab2b75f1508850/nvidia_cusparse-12.6.3.3-py3-none-manylinux2014_x86_64.manylinux_2_17_x86_64.whl", hash = "sha256:2b3c89c88d01ee0e477cb7f82ef60a11a4bcd57b6b87c33f789350b59759360b", size = 145942937, upload-time = "2025-09-04T08:33:58.029Z" },
]

[[package]]
name = "nvidia-cusparselt-cu13"
version = "0.8.1"
source = { registry = "https://pypi.org/simple" }
wheels = [
    { url = "https://files.pythonhosted.org/packages/46/e1/cdc1797eadf82d3a9a575a19b33fdc871a97edbec42c00b5b5e914f4aff4/nvidia_cusparselt_cu13-0.8.1-py3-none-manylinux2014_aarch64.whl", hash = "sha256:4dca476c50bf4780d46cd0bfbd82e2bc10a08e4fef7950917ce8d7578d22a23f", size = 221051344, upload-time = "2025-09-05T18:49:51.289Z" },
    { url = "https://files.pythonhosted.org/packages/34/7d/2661f2fb3ac4302f3a246f5fc030213ac60c1fe0bce84f9783dbd831dbb7/nvidia_cusparselt_cu13-0.8.1-py3-none-manylinux2014_x86_64.whl", hash = "sha256:786ce87568c303fadb5afcc7102d454cd3040d75f6f8626f5db460d1871f4dd0", size = 170148586, upload-time = "2025-09-05T18:50:50.248Z" },
]

[[package]]
name = "nvidia-nccl-cu13"
version = "2.29.7"
source = { registry = "https://pypi.org/simple" }
wheels = [
    { url = "https://files.pythonhosted.org/packages/72/0d/daf50d44177ee0cbc7ff0a0c91eb5ff676c82be42f9a970bc7597f440c3a/nvidia_nccl_cu13-2.29.7-py3-none-manylinux_2_18_aarch64.whl", hash = "sha256:674a12383e3c38a1bcccae7d4f3633b37852230b6047883cb2f4c2d1b36d9bf5", size = 206014712, upload-time = "2026-03-03T05:34:20.843Z" },
    { url = "https://files.pythonhosted.org/packages/67/f4/58e4e91b6919367c7aafb8e36fce9aad1a3047e536bf7e2fd560927d3a4c/nvidia_nccl_cu13-2.29.7-py3-none-manylinux_2_18_x86_64.whl", hash = "sha256:edd81538446786ec3b73972543e53bb43bcaf0bfc8ef76cb679fcc390ffe136d", size = 205976000, upload-time = "2026-03-03T05:36:24.472Z" },
]

[[package]]
name = "nvidia-nvjitlink"
version = "13.3.33"
source = { registry = "https://pypi.org/simple" }
wheels = [
    { url = "https://files.pythonhosted.org/packages/f0/ee/580ca6f29dcab0221db8706badca1bbbb084f1975c4d4e83329c3a7e31f0/nvidia_nvjitlink-13.3.33-py3-none-manylinux2010_x86_64.manylinux_2_12_x86_64.whl", hash = "sha256:26a6de7fb4c8fdaa7703d3dad720d6d427ddfea5c48a528fd97c11733ad830e5", size = 40742423, upload-time = "2026-05-26T16:54:51.613Z" },
    { url = "https://files.pythonhosted.org/packages/69/30/45414e35ff2eee7db3da037e5707037ccf9d2b5218ffbdb055ea4d5aa98a/nvidia_nvjitlink-13.3.33-py3-none-manylinux2014_aarch64.manylinux_2_17_aarch64.whl", hash = "sha256:ce48b37dfeb3cb1eae4cf85adacb47d7a6539ea2272870c9a3628ce275c2037e", size = 39168635, upload-time = "2026-05-26T16:54:13.906Z" },
]

[[package]]
name = "nvidia-nvshmem-cu13"
version = "3.4.5"
source = { registry = "https://pypi.org/simple" }
wheels = [
    { url = "https://files.pythonhosted.org/packages/dc/0f/05cc9c720236dcd2db9c1ab97fff629e96821be2e63103569da0c9b72f19/nvidia_nvshmem_cu13-3.4.5-py3-none-manylinux2014_aarch64.manylinux_2_17_aarch64.whl", hash = "sha256:6dc2a197f38e5d0376ad52cd1a2a3617d3cdc150fd5966f4aee9bcebb1d68fe9", size = 60215947, upload-time = "2025-09-06T00:32:20.022Z" },
    { url = "https://files.pythonhosted.org/packages/3c/35/a9bf80a609e74e3b000fef598933235c908fcefcef9026042b8e6dfde2a9/nvidia_nvshmem_cu13-3.4.5-py3-none-manylinux2014_x86_64.manylinux_2_17_x86_64.whl", hash = "sha256:290f0a2ee94c9f3687a02502f3b9299a9f9fe826e6d0287ee18482e78d495b80", size = 60412546, upload-time = "2025-09-06T00:32:41.564Z" },
]

[[package]]
name = "nvidia-nvtx"
version = "13.0.85"
source = { registry = "https://pypi.org/simple" }
wheels = [
    { url = "https://files.pythonhosted.org/packages/c2/f3/d86c845465a2723ad7e1e5c36dcd75ddb82898b3f53be47ebd429fb2fa5d/nvidia_nvtx-13.0.85-py3-none-manylinux1_x86_64.manylinux_2_5_x86_64.whl", hash = "sha256:4936d1d6780fbe68db454f5e72a42ff64d1fd6397df9f363ae786930fd5c1cd4", size = 148047, upload-time = "2025-09-04T08:29:01.761Z" },
    { url = "https://files.pythonhosted.org/packages/a8/64/3708a90d1ebe202ffdeb7185f878a3c84d15c2b2c31858da2ce0583e2def/nvidia_nvtx-13.0.85-py3-none-manylinux2014_aarch64.manylinux_2_17_aarch64.whl", hash = "sha256:cb7780edb6b14107373c835bf8b72e7a178bac7367e23da7acb108f973f157a6", size = 148878, upload-time = "2025-09-04T08:28:53.627Z" },
]

[[package]]
name = "pillow"
version = "12.3.0"
source = { registry = "https://pypi.org/simple" }
sdist = { url = "https://files.pythonhosted.org/packages/1c/3d/bb7fca845737cf9d7dbde16ed1843984665ff2e0a518f5db43e77ec540b9/pillow-12.3.0.tar.gz", hash = "sha256:3b8182a766685eaa002637e28b4ec8d6b18819a0c71f579bf0dbaa5830297cce", size = 47025035, upload-time = "2026-07-01T11:56:38.965Z" }
wheels = [
    { url = "https://files.pythonhosted.org/packages/37/bf/fb3ebff8ddcb76aac5a01389251bbbb9519922a9b520d8247c1ca864a25d/pillow-12.3.0-cp312-cp312-macosx_10_13_x86_64.whl", hash = "sha256:ba09209fbe443b4acccebe845d8a138b89a8f4fbaeedd44953490b5315d5e965", size = 5345969, upload-time = "2026-07-01T11:54:06.397Z" },
    { url = "https://files.pythonhosted.org/packages/d8/66/9a386a92561f402389a4fc70c18838bf6d35eb5eb5c6850b4b2dc64f5048/pillow-12.3.0-cp312-cp312-macosx_11_0_arm64.whl", hash = "sha256:ffd0c5368496f41b0944be820fcb7a838aa6e623d250b01acf2643939c3f99d7", size = 4780323, upload-time = "2026-07-01T11:54:09.351Z" },
    { url = "https://files.pythonhosted.org/packages/25/27/ac8f99618ffd3dde21db0f4d4b1d2ab00c0880595bfd17df103f7f39fd0c/pillow-12.3.0-cp312-cp312-manylinux_2_27_aarch64.manylinux_2_28_aarch64.whl", hash = "sha256:d9c7f76c0673154f044e9d78c8655fb4213f6ca31a836df48b40fe5d187717b9", size = 6266838, upload-time = "2026-07-01T11:54:11.71Z" },
    { url = "https://files.pythonhosted.org/packages/84/21/a35af28dcc61f37ed850a2d64c65c701321dfbf25085e469d5559360cbbf/pillow-12.3.0-cp312-cp312-manylinux_2_27_x86_64.manylinux_2_28_x86_64.whl", hash = "sha256:78cb2c6865a35ab8ff8b75fd122f6033b92a62c82801110e48ddd6c936a45d91", size = 6940830, upload-time = "2026-07-01T11:54:13.732Z" },
    { url = "https://files.pythonhosted.org/packages/eb/51/8b08617af3ad95e33ce6d7dd2c99ed6c8298f7fb131636303956be022e25/pillow-12.3.0-cp312-cp312-musllinux_1_2_aarch64.whl", hash = "sha256:e491916b378fba47242221bb9ead245211b70d504f495d105d17b14a24b4907c", size = 6344383, upload-time = "2026-07-01T11:54:15.756Z" },
    { url = "https://files.pythonhosted.org/packages/1d/72/cf78ac9780bb93c28328f408973845a309d4d145041665f734572ced1b52/pillow-12.3.0-cp312-cp312-musllinux_1_2_x86_64.whl", hash = "sha256:0dd2064cbc55aaec028ef5fbb60fa47bb6c3e7918e07ff17935284b227a9d2df", size = 7052934, upload-time = "2026-07-01T11:54:17.721Z" },
    { url = "https://files.pythonhosted.org/packages/20/20/25e0f4dc178a6bc0696793720055519a0de89e7661dae886992decbd2f81/pillow-12.3.0-cp312-cp312-win32.whl", hash = "sha256:dbce0b29841537a2fa4a214c2bbf14de3587c9680caa9b4e217568472490b28f", size = 6472684, upload-time = "2026-07-01T11:54:19.839Z" },
    { url = "https://files.pythonhosted.org/packages/45/89/da2f7971a317f83d807fdd4065c0af40208e59e692cc43d315a71a0e96d1/pillow-12.3.0-cp312-cp312-win_amd64.whl", hash = "sha256:a2b55dd6b2a4c4b7d87ffa56bdb33fdc5fdb9a462173861a7bc097f17d91cb09", size = 7227137, upload-time = "2026-07-01T11:54:22.025Z" },
    { url = "https://files.pythonhosted.org/packages/de/47/4845a0a6c0dbf1db8456bd9fc791f13c5ced7ced20606d08a0aacfd25b49/pillow-12.3.0-cp312-cp312-win_arm64.whl", hash = "sha256:331b624368d4f1d069149002f25f44bc61c8919ce8ddb3c45bdad8f6e2d89510", size = 2568267, upload-time = "2026-07-01T11:54:24.051Z" },
]

[[package]]
name = "playground"
version = "0.1.0"
source = { virtual = "." }
dependencies = [
    { name = "torch" },
    { name = "torchaudio" },
    { name = "torchvision" },
    { name = "triton" },
]

[package.metadata]
requires-dist = [
    { name = "torch", specifier = ">=2.13.0", index = "https://download.pytorch.org/whl/cu130" },
    { name = "torchaudio", specifier = ">=2.11.0", index = "https://download.pytorch.org/whl/cu130" },
    { name = "torchvision", specifier = ">=0.28.0", index = "https://download.pytorch.org/whl/cu130" },
    { name = "triton", specifier = ">=3.7.1" },
]

[[package]]
name = "setuptools"
version = "83.0.0"
source = { registry = "https://pypi.org/simple" }
sdist = { url = "https://files.pythonhosted.org/packages/34/26/f5d29e25ffdb535afef2d35cdb55b325298f96debd670da4c325e08d70f4/setuptools-83.0.0.tar.gz", hash = "sha256:025bccbbf0fa05b6192bc64ae1e7b16e001fd6d6d4d5de03c97b1c1ade523bef", size = 1154254, upload-time = "2026-07-04T15:31:22.699Z" }
wheels = [
    { url = "https://files.pythonhosted.org/packages/5d/40/e1e72872c6354b306daef1703549e8e83b4d43cfea356311bf722a043752/setuptools-83.0.0-py3-none-any.whl", hash = "sha256:29b23c360f22f414dc7336bb39178cc7bcbf6021ed2733cde173f09dba19abb3", size = 1008090, upload-time = "2026-07-04T15:31:20.885Z" },
]

[[package]]
name = "sympy"
version = "1.14.0"
source = { registry = "https://pypi.org/simple" }
dependencies = [
    { name = "mpmath" },
]
sdist = { url = "https://files.pythonhosted.org/packages/83/d3/803453b36afefb7c2bb238361cd4ae6125a569b4db67cd9e79846ba2d68c/sympy-1.14.0.tar.gz", hash = "sha256:d3d3fe8df1e5a0b42f0e7bdf50541697dbe7d23746e894990c030e2b05e72517", size = 7793921, upload-time = "2025-04-27T18:05:01.611Z" }
wheels = [
    { url = "https://files.pythonhosted.org/packages/a2/09/77d55d46fd61b4a135c444fc97158ef34a095e5681d0a6c10b75bf356191/sympy-1.14.0-py3-none-any.whl", hash = "sha256:e091cc3e99d2141a0ba2847328f5479b05d94a6635cb96148ccb3f34671bd8f5", size = 6299353, upload-time = "2025-04-27T18:04:59.103Z" },
]

[[package]]
name = "torch"
version = "2.13.0+cu130"
source = { registry = "https://download.pytorch.org/whl/cu130" }
dependencies = [
    { name = "cuda-bindings", marker = "sys_platform == 'linux'" },
    { name = "cuda-toolkit", extra = ["cublas", "cudart", "cufft", "cufile", "cupti", "curand", "cusolver", "cusparse", "nvjitlink", "nvrtc", "nvtx"], marker = "sys_platform == 'linux'" },
    { name = "filelock" },
    { name = "fsspec" },
    { name = "jinja2" },
    { name = "networkx" },
    { name = "nvidia-cudnn-cu13", marker = "sys_platform == 'linux'" },
    { name = "nvidia-cusparselt-cu13", marker = "sys_platform == 'linux'" },
    { name = "nvidia-nccl-cu13", marker = "sys_platform == 'linux'" },
    { name = "nvidia-nvshmem-cu13", marker = "sys_platform == 'linux'" },
    { name = "setuptools" },
    { name = "sympy" },
    { name = "triton", marker = "sys_platform == 'linux'" },
    { name = "typing-extensions" },
]
wheels = [
    { url = "https://download-r2.pytorch.org/whl/cu130/torch-2.13.0%2Bcu130-cp312-cp312-manylinux_2_28_aarch64.whl", hash = "sha256:5ebd552c887e707c8e64927aceb8377ca2e81588c4e7494bcd23cb8ac0aca14d", upload-time = "2026-07-08T20:24:19Z" },
    { url = "https://download-r2.pytorch.org/whl/cu130/torch-2.13.0%2Bcu130-cp312-cp312-manylinux_2_28_x86_64.whl", hash = "sha256:8db7338e6895c3d4bd89a02ff4209507d1f0cf2ffeb3b898538b5a07d1ea8c1e", upload-time = "2026-07-08T20:24:52Z" },
    { url = "https://download-r2.pytorch.org/whl/cu130/torch-2.13.0%2Bcu130-cp312-cp312-win_amd64.whl", hash = "sha256:2efab1e83604ca628c6d85b9e188c153690980498d1297081a9dad704919303c", upload-time = "2026-07-08T20:26:27Z" },
]

[[package]]
name = "torchaudio"
version = "2.11.0+cu130"
source = { registry = "https://download.pytorch.org/whl/cu130" }
wheels = [
    { url = "https://download-r2.pytorch.org/whl/cu130/torchaudio-2.11.0%2Bcu130-cp312-cp312-manylinux_2_28_aarch64.whl", hash = "sha256:7171f810887e7cd1a4763974d5a1f2e1466692404315bb70705e0f49fb3a28e0", upload-time = "2026-03-23T15:50:26Z" },
    { url = "https://download-r2.pytorch.org/whl/cu130/torchaudio-2.11.0%2Bcu130-cp312-cp312-manylinux_2_28_x86_64.whl", hash = "sha256:3fba988f4301fe13547fe5e99c76d9ae36a27e19ded82eeffed9d2456e12edef", upload-time = "2026-03-23T15:50:26Z" },
    { url = "https://download-r2.pytorch.org/whl/cu130/torchaudio-2.11.0%2Bcu130-cp312-cp312-win_amd64.whl", hash = "sha256:f74949f9ace1e4a6cf9468bdb3211b9cfa0af6ea348125471ac71c8621d6c77d", upload-time = "2026-03-23T15:50:26Z" },
]

[[package]]
name = "torchvision"
version = "0.28.0+cu130"
source = { registry = "https://download.pytorch.org/whl/cu130" }
dependencies = [
    { name = "numpy" },
    { name = "pillow" },
    { name = "torch" },
]
wheels = [
    { url = "https://download-r2.pytorch.org/whl/cu130/torchvision-0.28.0%2Bcu130-cp312-cp312-manylinux_2_28_aarch64.whl", hash = "sha256:ecf72161734b0cf75aabeb2a83101ee021ba8a9cfea57b40050deed7accd4615", upload-time = "2026-07-08T12:26:52Z" },
    { url = "https://download-r2.pytorch.org/whl/cu130/torchvision-0.28.0%2Bcu130-cp312-cp312-manylinux_2_28_x86_64.whl", hash = "sha256:8a0008d34ccc4e81066b97ff0ae5a34c676bfdf3464baf40c01b320dc9a45ce0", upload-time = "2026-07-08T12:26:52Z" },
    { url = "https://download-r2.pytorch.org/whl/cu130/torchvision-0.28.0%2Bcu130-cp312-cp312-win_amd64.whl", upload-time = "2026-07-08T12:26:52Z" },
]

[[package]]
name = "triton"
version = "3.7.1"
source = { registry = "https://pypi.org/simple" }
wheels = [
    { url = "https://files.pythonhosted.org/packages/94/fa/f856e24deb462d5f18bd4b5a746957862ab9b6ee5834bda60605ec348366/triton-3.7.1-cp312-cp312-manylinux_2_27_aarch64.manylinux_2_28_aarch64.whl", hash = "sha256:9497f2e696ee368862a181a90b2dcc03ca978cc4f602abd67c7d81022a6988e1", size = 184692359, upload-time = "2026-06-17T20:03:48.288Z" },
    { url = "https://files.pythonhosted.org/packages/c4/6f/fb96d15db6f36d6eae4cafb998c2e0353bf59d7c4ea1662d7497f269134a/triton-3.7.1-cp312-cp312-manylinux_2_27_x86_64.manylinux_2_28_x86_64.whl", hash = "sha256:7e40869937a68206ec70d7f25bb7ec6433cb083f9135e1f36dbd318dc449a728", size = 197719725, upload-time = "2026-06-17T19:53:20.419Z" },
]

[[package]]
name = "typing-extensions"
version = "4.16.0"
source = { registry = "https://pypi.org/simple" }
sdist = { url = "https://files.pythonhosted.org/packages/f6/cc/6253133b5bb138fc3306cebfbda2c520f545d36b5be2c7255cc528bb45d6/typing_extensions-4.16.0.tar.gz", hash = "sha256:dc983d19a509c94dba722ee6abd33940f7c05a89e243c47e907eb4db6f1a43e5", size = 113555, upload-time = "2026-07-02T08:40:05.92Z" }
wheels = [
    { url = "https://files.pythonhosted.org/packages/49/d3/b8441a820a491ddfc024b0b0cf0393375b75ea13866d9c66727e54c2fc80/typing_extensions-4.16.0-py3-none-any.whl", hash = "sha256:481caa481374e813c1b176ada14e97f1f67a4539ce9cfeb3f350d78d6370c2e8", size = 45571, upload-time = "2026-07-02T08:40:04.659Z" },
]
